Microsoft Visual Studio Solution File, Format Version 12.00
# Visual Studio 2012
Project("{FAE04EC0-301F-11D3-BF4B-00C04F79EFBC}") = "Conway Game", "Conway Game.csproj", "{C53F3AD9-1136-4812-B03F-15B720FF7364}"
EndProject
Global
	GlobalSection(SolutionConfigurationPlatforms) = preSolution
	Debug|Any CPU = Debug|Any CPU
	ExportDebug|Any CPU = ExportDebug|Any CPU
	ExportRelease|Any CPU = ExportRelease|Any CPU
	EndGlobalSection
	GlobalSection(ProjectConfigurationPlatforms) = postSolution
		{C53F3AD9-1136-4812-B03F-15B720FF7364}.Debug|Any CPU.ActiveCfg = Debug|Any CPU
		{C53F3AD9-1136-4812-B03F-15B720FF7364}.Debug|Any CPU.Build.0 = Debug|Any CPU
		{C53F3AD9-1136-4812-B03F-15B720FF7364}.ExportDebug|Any CPU.ActiveCfg = ExportDebug|Any CPU
		{C53F3AD9-1136-4812-B03F-15B720FF7364}.ExportDebug|Any CPU.Build.0 = ExportDebug|Any CPU
		{C53F3AD9-1136-4812-B03F-15B720FF7364}.ExportRelease|Any CPU.ActiveCfg = ExportRelease|Any CPU
		{C53F3AD9-1136-4812-B03F-15B720FF7364}.ExportRelease|Any CPU.Build.0 = ExportRelease|Any CPU
	EndGlobalSection
EndGlobal
