Microsoft Visual Studio Solution File, Format Version 12.00
# Visual Studio 2012
Project("{FAE04EC0-301F-11D3-BF4B-00C04F79EFBC}") = "Conway Game", "Conway Game.csproj", "{4FFB778F-F1DF-4CF5-A763-F1F0F6835D5A}"
EndProject
Global
	GlobalSection(SolutionConfigurationPlatforms) = preSolution
	Debug|Any CPU = Debug|Any CPU
	ExportDebug|Any CPU = ExportDebug|Any CPU
	ExportRelease|Any CPU = ExportRelease|Any CPU
	EndGlobalSection
	GlobalSection(ProjectConfigurationPlatforms) = postSolution
		{4FFB778F-F1DF-4CF5-A763-F1F0F6835D5A}.Debug|Any CPU.ActiveCfg = Debug|Any CPU
		{4FFB778F-F1DF-4CF5-A763-F1F0F6835D5A}.Debug|Any CPU.Build.0 = Debug|Any CPU
		{4FFB778F-F1DF-4CF5-A763-F1F0F6835D5A}.ExportDebug|Any CPU.ActiveCfg = ExportDebug|Any CPU
		{4FFB778F-F1DF-4CF5-A763-F1F0F6835D5A}.ExportDebug|Any CPU.Build.0 = ExportDebug|Any CPU
		{4FFB778F-F1DF-4CF5-A763-F1F0F6835D5A}.ExportRelease|Any CPU.ActiveCfg = ExportRelease|Any CPU
		{4FFB778F-F1DF-4CF5-A763-F1F0F6835D5A}.ExportRelease|Any CPU.Build.0 = ExportRelease|Any CPU
	EndGlobalSection
EndGlobal
